
Microsoft Visual Studio Solution File, Format Version 12.00
# Visual Studio 2012
Project("{FAE04EC0-301F-11D3-BF4B-00C04F79EFBC}") = "NumberConverter", "NumberConverter\NumberConverter.csproj", "{3963053A-C3E4-4D45-9093-526E160982D1}"
EndProject
Project("{FAE04EC0-301F-11D3-BF4B-00C04F79EFBC}") = "NumberConverterTest", "NumberConverterTest\NumberConverterTest.csproj", "{2B750323-5B95-4767-999A-17235731F70C}"
EndProject
Global
	GlobalSection(SolutionConfigurationPlatforms) = preSolution
		Debug|Any CPU = Debug|Any CPU
		Release|Any CPU = Release|Any CPU
	EndGlobalSection
	GlobalSection(ProjectConfigurationPlatforms) = postSolution
		{3963053A-C3E4-4D45-9093-526E160982D1}.Debug|Any CPU.ActiveCfg = Debug|Any CPU
		{3963053A-C3E4-4D45-9093-526E160982D1}.Debug|Any CPU.Build.0 = Debug|Any CPU
		{3963053A-C3E4-4D45-9093-526E160982D1}.Release|Any CPU.ActiveCfg = Release|Any CPU
		{3963053A-C3E4-4D45-9093-526E160982D1}.Release|Any CPU.Build.0 = Release|Any CPU
		{2B750323-5B95-4767-999A-17235731F70C}.Debug|Any CPU.ActiveCfg = Debug|Any CPU
		{2B750323-5B95-4767-999A-17235731F70C}.Debug|Any CPU.Build.0 = Debug|Any CPU
		{2B750323-5B95-4767-999A-17235731F70C}.Release|Any CPU.ActiveCfg = Release|Any CPU
		{2B750323-5B95-4767-999A-17235731F70C}.Release|Any CPU.Build.0 = Release|Any CPU
	EndGlobalSection
	GlobalSection(SolutionProperties) = preSolution
		HideSolutionNode = FALSE
	EndGlobalSection
EndGlobal
